
Microsoft Visual Studio Solution File, Format Version 12.00
# Visual Studio Version 16
VisualStudioVersion = 16.0.29920.165
MinimumVisualStudioVersion = 10.0.40219.1
Project("{9A19103F-16F7-4668-BE54-9A1E7A4F7556}") = "ManagingProducts", "ManagingProducts\ManagingProducts.csproj", "{5E6222BA-3AAC-4AB9-9403-1B15DAF1C680}"
EndProject
Project("{FAE04EC0-301F-11D3-BF4B-00C04F79EFBC}") = "ManagingProductsTest", "ManagingProductsTest\ManagingProductsTest.csproj", "{0198004E-34A8-48ED-8282-3F0FE5F05163}"
EndProject
Global
	GlobalSection(SolutionConfigurationPlatforms) = preSolution
		Debug|Any CPU = Debug|Any CPU
		Release|Any CPU = Release|Any CPU
	EndGlobalSection
	GlobalSection(ProjectConfigurationPlatforms) = postSolution
		{5E6222BA-3AAC-4AB9-9403-1B15DAF1C680}.Debug|Any CPU.ActiveCfg = Debug|Any CPU
		{5E6222BA-3AAC-4AB9-9403-1B15DAF1C680}.Debug|Any CPU.Build.0 = Debug|Any CPU
		{5E6222BA-3AAC-4AB9-9403-1B15DAF1C680}.Release|Any CPU.ActiveCfg = Release|Any CPU
		{5E6222BA-3AAC-4AB9-9403-1B15DAF1C680}.Release|Any CPU.Build.0 = Release|Any CPU
		{0198004E-34A8-48ED-8282-3F0FE5F05163}.Debug|Any CPU.ActiveCfg = Debug|Any CPU
		{0198004E-34A8-48ED-8282-3F0FE5F05163}.Debug|Any CPU.Build.0 = Debug|Any CPU
		{0198004E-34A8-48ED-8282-3F0FE5F05163}.Release|Any CPU.ActiveCfg = Release|Any CPU
		{0198004E-34A8-48ED-8282-3F0FE5F05163}.Release|Any CPU.Build.0 = Release|Any CPU
	EndGlobalSection
	GlobalSection(SolutionProperties) = preSolution
		HideSolutionNode = FALSE
	EndGlobalSection
	GlobalSection(ExtensibilityGlobals) = postSolution
		SolutionGuid = {8100885E-9F4E-4226-97C9-1E0D952680E9}
	EndGlobalSection
EndGlobal
